
Microsoft Visual Studio Solution File, Format Version 12.00
# Visual Studio 15
VisualStudioVersion = 15.0.33529.398
MinimumVisualStudioVersion = 10.0.40219.1
Project("{FAE04EC0-301F-11D3-BF4B-00C04F79EFBC}") = "PMS", "PMS\PMS.csproj", "{EDA2D8B8-FCBB-4747-B892-75BE42D76018}"
EndProject
Global
	GlobalSection(SolutionConfigurationPlatforms) = preSolution
		Debug|Any CPU = Debug|Any CPU
		Release|Any CPU = Release|Any CPU
	EndGlobalSection
	GlobalSection(ProjectConfigurationPlatforms) = postSolution
		{EDA2D8B8-FCBB-4747-B892-75BE42D76018}.Debug|Any CPU.ActiveCfg = Debug|Any CPU
		{EDA2D8B8-FCBB-4747-B892-75BE42D76018}.Debug|Any CPU.Build.0 = Debug|Any CPU
		{EDA2D8B8-FCBB-4747-B892-75BE42D76018}.Release|Any CPU.ActiveCfg = Release|Any CPU
		{EDA2D8B8-FCBB-4747-B892-75BE42D76018}.Release|Any CPU.Build.0 = Release|Any CPU
	EndGlobalSection
	GlobalSection(SolutionProperties) = preSolution
		HideSolutionNode = FALSE
	EndGlobalSection
	GlobalSection(ExtensibilityGlobals) = postSolution
		SolutionGuid = {8C120AEB-86F9-438D-89DB-CD32AA71FDA1}
	EndGlobalSection
EndGlobal
